
Microsoft Visual Studio Solution File, Format Version 12.00
# Visual Studio Version 17
VisualStudioVersion = 17.14.36203.30 d17.14
MinimumVisualStudioVersion = 10.0.40219.1
Project("{8BC9CEB8-8B4A-11D0-8D11-00A0C91BC942}") = "Project1", "Project1\Project1.vcxproj", "{81078EBA-A481-4667-8EFF-541DC18F6923}"
EndProject
Global
	GlobalSection(SolutionConfigurationPlatforms) = preSolution
		Debug|x64 = Debug|x64
		Debug|x86 = Debug|x86
		Release|x64 = Release|x64
		Release|x86 = Release|x86
	EndGlobalSection
	GlobalSection(ProjectConfigurationPlatforms) = postSolution
		{81078EBA-A481-4667-8EFF-541DC18F6923}.Debug|x64.ActiveCfg = Debug|x64
		{81078EBA-A481-4667-8EFF-541DC18F6923}.Debug|x64.Build.0 = Debug|x64
		{81078EBA-A481-4667-8EFF-541DC18F6923}.Debug|x86.ActiveCfg = Debug|Win32
		{81078EBA-A481-4667-8EFF-541DC18F6923}.Debug|x86.Build.0 = Debug|Win32
		{81078EBA-A481-4667-8EFF-541DC18F6923}.Release|x64.ActiveCfg = Release|x64
		{81078EBA-A481-4667-8EFF-541DC18F6923}.Release|x64.Build.0 = Release|x64
		{81078EBA-A481-4667-8EFF-541DC18F6923}.Release|x86.ActiveCfg = Release|Win32
		{81078EBA-A481-4667-8EFF-541DC18F6923}.Release|x86.Build.0 = Release|Win32
	EndGlobalSection
	GlobalSection(SolutionProperties) = preSolution
		HideSolutionNode = FALSE
	EndGlobalSection
	GlobalSection(ExtensibilityGlobals) = postSolution
		SolutionGuid = {CA2FD867-6E21-4AC4-AACC-BADA1E93F750}
	EndGlobalSection
EndGlobal
